
Microsoft Visual Studio Solution File, Format Version 12.00
# Visual Studio Version 17
VisualStudioVersion = 17.0.31903.59
MinimumVisualStudioVersion = 10.0.40219.1
Project("{2150E333-8FDC-42A3-9474-1A3956D46DE8}") = "src", "src", "{1E183B36-32D1-48D0-96D4-38B50CB682C1}"
EndProject
Project("{FAE04EC0-301F-11D3-BF4B-00C04F79EFBC}") = "ApiKeyAuthApp", "src\ApiKeyAuthApp\ApiKeyAuthApp.csproj", "{8CBB03BD-A2B2-4DC4-B71E-00A0577AB034}"
EndProject
Project("{FAE04EC0-301F-11D3-BF4B-00C04F79EFBC}") = "BasicAuthApp", "src\BasicAuthApp\BasicAuthApp.csproj", "{FC1AE071-4F75-413F-BC28-4493035A4BF0}"
EndProject
Global
	GlobalSection(SolutionConfigurationPlatforms) = preSolution
		Debug|Any CPU = Debug|Any CPU
		Release|Any CPU = Release|Any CPU
	EndGlobalSection
	GlobalSection(SolutionProperties) = preSolution
		HideSolutionNode = FALSE
	EndGlobalSection
	GlobalSection(ProjectConfigurationPlatforms) = postSolution
		{8CBB03BD-A2B2-4DC4-B71E-00A0577AB034}.Debug|Any CPU.ActiveCfg = Debug|Any CPU
		{8CBB03BD-A2B2-4DC4-B71E-00A0577AB034}.Debug|Any CPU.Build.0 = Debug|Any CPU
		{8CBB03BD-A2B2-4DC4-B71E-00A0577AB034}.Release|Any CPU.ActiveCfg = Release|Any CPU
		{8CBB03BD-A2B2-4DC4-B71E-00A0577AB034}.Release|Any CPU.Build.0 = Release|Any CPU
		{FC1AE071-4F75-413F-BC28-4493035A4BF0}.Debug|Any CPU.ActiveCfg = Debug|Any CPU
		{FC1AE071-4F75-413F-BC28-4493035A4BF0}.Debug|Any CPU.Build.0 = Debug|Any CPU
		{FC1AE071-4F75-413F-BC28-4493035A4BF0}.Release|Any CPU.ActiveCfg = Release|Any CPU
		{FC1AE071-4F75-413F-BC28-4493035A4BF0}.Release|Any CPU.Build.0 = Release|Any CPU
	EndGlobalSection
	GlobalSection(NestedProjects) = preSolution
		{8CBB03BD-A2B2-4DC4-B71E-00A0577AB034} = {1E183B36-32D1-48D0-96D4-38B50CB682C1}
		{FC1AE071-4F75-413F-BC28-4493035A4BF0} = {1E183B36-32D1-48D0-96D4-38B50CB682C1}
	EndGlobalSection
EndGlobal
